
Microsoft Visual Studio Solution File, Format Version 12.00
# Visual Studio Version 17
VisualStudioVersion = 17.6.33815.320
MinimumVisualStudioVersion = 10.0.40219.1
Project("{9A19103F-16F7-4668-BE54-9A1E7A4F7556}") = "ANLA.Artemisa.GestionDocumental.Api", "ANLA.Artemisa.GestionDocumental.Api.csproj", "{EE423875-E709-496C-8572-B7041BA28CD1}"
EndProject
Global
	GlobalSection(SolutionConfigurationPlatforms) = preSolution
		Debug|Any CPU = Debug|Any CPU
		Release|Any CPU = Release|Any CPU
	EndGlobalSection
	GlobalSection(ProjectConfigurationPlatforms) = postSolution
		{EE423875-E709-496C-8572-B7041BA28CD1}.Debug|Any CPU.ActiveCfg = Debug|Any CPU
		{EE423875-E709-496C-8572-B7041BA28CD1}.Debug|Any CPU.Build.0 = Debug|Any CPU
		{EE423875-E709-496C-8572-B7041BA28CD1}.Release|Any CPU.ActiveCfg = Release|Any CPU
		{EE423875-E709-496C-8572-B7041BA28CD1}.Release|Any CPU.Build.0 = Release|Any CPU
	EndGlobalSection
	GlobalSection(SolutionProperties) = preSolution
		HideSolutionNode = FALSE
	EndGlobalSection
	GlobalSection(ExtensibilityGlobals) = postSolution
		SolutionGuid = {FBBDA959-8EC6-4F04-8C07-93D4FB7D5BA2}
	EndGlobalSection
EndGlobal
